<?xml version="1.0" encoding="utf-8"?>
<Project ToolsVersion="4.0" xmlns="http://schemas.microsoft.com/developer/msbuild/2003">
  <ItemGroup>
    <Filter Include="Resource Files">
      <UniqueIdentifier>{67DA6AB6-F800-4c08-8B7A-83BB121AAD01}</UniqueIdentifier>
      <Extensions>rc;ico;cur;bmp;dlg;rc2;rct;bin;rgs;gif;jpg;jpeg;jpe;resx;tiff;tif;png;wav;mfcribbon-ms</Extensions>
    </Filter>
    <Filter Include="unit test">
      <UniqueIdentifier>{cd79f1bd-f609-40b3-a01a-5cb5daa175d3}</UniqueIdentifier>
    </Filter>
    <Filter Include="demo">
      <UniqueIdentifier>{5322b75c-e5dd-4273-8fea-58ff0c93ffd9}</UniqueIdentifier>
    </Filter>
    <Filter Include="package">
      <UniqueIdentifier>{342d614b-bfe1-495b-89d7-79e1b0900c90}</UniqueIdentifier>
    </Filter>
    <Filter Include="logic">
      <UniqueIdentifier>{8c81d40d-147b-4fa2-89c3-e098917f531d}</UniqueIdentifier>
    </Filter>
  </ItemGroup>
  <ItemGroup>
    <Text Include="ReadMe.txt">
      <Filter>Resource Files</Filter>
    </Text>
    <Text Include="record.md" />
  </ItemGroup>
  <ItemGroup>
    <ClInclude Include="targetver.h">
      <Filter>Resource Files</Filter>
    </ClInclude>
    <ClInclude Include="unit_test.h">
      <Filter>unit test</Filter>
    </ClInclude>
    <ClInclude Include="stdafx.h">
      <Filter>Resource Files</Filter>
    </ClInclude>
    <ClInclude Include="ffpython.h">
      <Filter>demo</Filter>
    </ClInclude>
  </ItemGroup>
  <ItemGroup>
    <ClCompile Include="stdafx.cpp">
      <Filter>Resource Files</Filter>
    </ClCompile>
    <ClCompile Include="unit_test.cpp">
      <Filter>unit test</Filter>
    </ClCompile>
    <ClCompile Include="main_console.cpp" />
    <ClCompile Include="example.cpp">
      <Filter>demo</Filter>
    </ClCompile>
  </ItemGroup>
  <ItemGroup>
    <None Include="..\Python\py_install.py">
      <Filter>package</Filter>
    </None>
    <None Include="..\Python\fftest.py">
      <Filter>demo</Filter>
    </None>
    <None Include="..\Python\py_second.py">
      <Filter>logic</Filter>
    </None>
    <None Include="..\Python\operation.py">
      <Filter>logic</Filter>
    </None>
    <None Include="PycZipper.py">
      <Filter>package</Filter>
    </None>
  </ItemGroup>
</Project>